// !$*UTF8*$!
{
	archiveVersion = 1;
	classes = {
	};
	objectVersion = 46;
	objects = {
/* Begin PBXBuildFile section */
		0207DA581B56EA530066E2B4 /* Images.xcassets in Resources */ = {isa = PBXBuildFile; fileRef = 0207DA571B56EA530066E2B4 /* Images.xcassets */; };
		1D3623260D0F684500981E51 /* AppDelegate.m in Sources */ = {isa = PBXBuildFile; fileRef = 1D3623250D0F684500981E51 /* AppDelegate.m */; };
		1D60589B0D05DD56006BFB54 /* main.m in Sources */ = {isa = PBXBuildFile; fileRef = 29B97316FDCFA39411CA2CEA /* main.m */; };
		301BF552109A68D80062928A /* libCordova.a in Frameworks */ = {isa = PBXBuildFile; fileRef = 301BF535109A57CC0062928A /* libCordova.a */; };
		302D95F114D2391D003F00A1 /* MainViewController.m in Sources */ = {isa = PBXBuildFile; fileRef = 302D95EF14D2391D003F00A1 /* MainViewController.m */; };
		302D95F214D2391D003F00A1 /* MainViewController.xib in Resources */ = {isa = PBXBuildFile; fileRef = 302D95F014D2391D003F00A1 /* MainViewController.xib */; };
		3047A5121AB8059700498E2A /* build-debug.xcconfig in Resources */ = {isa = PBXBuildFile; fileRef = 3047A50F1AB8059700498E2A /* build-debug.xcconfig */; };
		3047A5131AB8059700498E2A /* build-release.xcconfig in Resources */ = {isa = PBXBuildFile; fileRef = 3047A5101AB8059700498E2A /* build-release.xcconfig */; };
		3047A5141AB8059700498E2A /* build.xcconfig in Resources */ = {isa = PBXBuildFile; fileRef = 3047A5111AB8059700498E2A /* build.xcconfig */; };
		46890A538A804A3A9ECD5BCA /* CDVBattery.m in Sources */ = {isa = PBXBuildFile; fileRef = 7080B47B4FF74979857D59CB /* CDVBattery.m */; };
		50960FDF5E41428EBFE3A352 /* UIImage+CropScaleOrientation.m in Sources */ = {isa = PBXBuildFile; fileRef = A81AD46463BF466EA45F1A47 /* UIImage+CropScaleOrientation.m */; };
		869EB4D7DCB54BE8B193C14E /* CDVCamera.m in Sources */ = {isa = PBXBuildFile; fileRef = 6D3638C55EAC4529A6991E36 /* CDVCamera.m */; };
		5DF62823FCD94FE793513331 /* CDVJpegHeaderWriter.m in Sources */ = {isa = PBXBuildFile; fileRef = F6CA46717EB74CA383487983 /* CDVJpegHeaderWriter.m */; };
		71E9AF24E1044CE7AF8C2479 /* ImageIO.framework in Frameworks */ = {isa = PBXBuildFile; fileRef = EF8BFB9588E64752A0455D7F /* ImageIO.framework */; settings = {ATTRIBUTES = (Weak, ); }; };
		92A1F0DE9D9C4DBA9A86D89E /* CoreLocation.framework in Frameworks */ = {isa = PBXBuildFile; fileRef = 2ADCDE6B10184D288C039CE9 /* CoreLocation.framework */; };
		8B44FCE09E534E6C8F3E2D6D /* AVFoundation.framework in Frameworks */ = {isa = PBXBuildFile; fileRef = F5ED32E16B2D4A2D96E7CC65 /* AVFoundation.framework */; };
		B2890F8AB8C24C049F299107 /* CDVLogger.m in Sources */ = {isa = PBXBuildFile; fileRef = D51B7F0F6E3E40CDBCF5FD16 /* CDVLogger.m */; };
		C4076194E82C4686836B9DD5 /* CDVContacts.m in Sources */ = {isa = PBXBuildFile; fileRef = 21F305D67D52495DB0E01486 /* CDVContacts.m */; };
		93D742D39A75431D89D4B6E2 /* CDVContact.m in Sources */ = {isa = PBXBuildFile; fileRef = BD9EF72B79004C8484B93BB5 /* CDVContact.m */; };
		B2591380787D49CF97E9BA9F /* AddressBook.framework in Frameworks */ = {isa = PBXBuildFile; fileRef = 59461D2FE9984F1E84915C4F /* AddressBook.framework */; settings = {ATTRIBUTES = (Weak, ); }; };
		1016D0CCC17D4A3397ECE43F /* AddressBookUI.framework in Frameworks */ = {isa = PBXBuildFile; fileRef = 74E959BA4DB84BF38810DDEB /* AddressBookUI.framework */; settings = {ATTRIBUTES = (Weak, ); }; };
		0797505B6CB1406CA0A08898 /* CDVDevice.m in Sources */ = {isa = PBXBuildFile; fileRef = F833C0A758DA4F3A97809D39 /* CDVDevice.m */; };
		C5B7B272744748B688E14A57 /* CDVAccelerometer.m in Sources */ = {isa = PBXBuildFile; fileRef = F2C57D3B00F0453384E753E8 /* CDVAccelerometer.m */; };
		317EBEB4BC604B6B82AEF96A /* CoreMotion.framework in Frameworks */ = {isa = PBXBuildFile; fileRef = 48BE966AA3C5457CAD65B9E2 /* CoreMotion.framework */; };
		531797E02CC24F1893D39195 /* CDVCompass.m in Sources */ = {isa = PBXBuildFile; fileRef = 087DB01903534E2DAA538D9C /* CDVCompass.m */; };
		1E954D233F9B45BAB6C475AF /* CDVNotification.m in Sources */ = {isa = PBXBuildFile; fileRef = 7ED435282DD34767BFAA6359 /* CDVNotification.m */; };
		F2387E4D71474EA999409EDB /* CDVNotification.bundle in Resources */ = {isa = PBXBuildFile; fileRef = AB86C491264F4164A731AF9D /* CDVNotification.bundle */; };
		401BB77FE4B242088F615D69 /* AudioToolbox.framework in Frameworks */ = {isa = PBXBuildFile; fileRef = 172D65BB10AF4813926B9B63 /* AudioToolbox.framework */; settings = {ATTRIBUTES = (Weak, ); }; };
		A36AF375684448ADA6767EC1 /* CDVFile.m in Sources */ = {isa = PBXBuildFile; fileRef = CAE1F258354C46678B829275 /* CDVFile.m */; };
		A17C48CC71F24F80A97E189D /* CDVLocalFilesystem.m in Sources */ = {isa = PBXBuildFile; fileRef = 97960723491F4B7686E01469 /* CDVLocalFilesystem.m */; };
		73350E3BC0AE456A9671164C /* CDVAssetLibraryFilesystem.m in Sources */ = {isa = PBXBuildFile; fileRef = 01DF68B401CC4F4084ECDD4A /* CDVAssetLibraryFilesystem.m */; };
		7811F5D74E774375A3A4308B /* CDVFileTransfer.m in Sources */ = {isa = PBXBuildFile; fileRef = 364865BB630E4D93BF45C0BC /* CDVFileTransfer.m */; };
		82DDFEE4ACF24CBE858E055A /* CDVLocation.m in Sources */ = {isa = PBXBuildFile; fileRef = B0D117768F3046D8BF53510E /* CDVLocation.m */; };
		FB8DD556698B479183A07AE6 /* CDVGlobalization.m in Sources */ = {isa = PBXBuildFile; fileRef = 6F87292EADFE45119F42D4FC /* CDVGlobalization.m */; };
		09858242F570487ABCE84D80 /* CDVInAppBrowser.m in Sources */ = {isa = PBXBuildFile; fileRef = 459D584D7D3145D9844EBCF1 /* CDVInAppBrowser.m */; };
		E6A4380B50FB4DDCB305566F /* CDVConnection.m in Sources */ = {isa = PBXBuildFile; fileRef = 0D5DC1A402794FCA9A7E1698 /* CDVConnection.m */; };
		9C3E118B45B74506860DFD01 /* CDVReachability.m in Sources */ = {isa = PBXBuildFile; fileRef = 65E8B593894F4153B3C8DA65 /* CDVReachability.m */; };
		5D1CECBFCC834613B6ED78BE /* SystemConfiguration.framework in Frameworks */ = {isa = PBXBuildFile; fileRef = 8419C75F9DA04E80AD54C791 /* SystemConfiguration.framework */; settings = {ATTRIBUTES = (Weak, ); }; };
		4D94BC77AF38470582CB0433 /* CoreTelephony.framework in Frameworks */ = {isa = PBXBuildFile; fileRef = 78EDB8D3D229462394B64EAE /* CoreTelephony.framework */; };
		A4DFA6E33974438A8EBF12E7 /* CDVSplashScreen.m in Sources */ = {isa = PBXBuildFile; fileRef = 6B7ABF13636F489E803B2B40 /* CDVSplashScreen.m */; };
		F442A23A17764E84AC9AC32E /* CDVViewController+SplashScreen.m in Sources */ = {isa = PBXBuildFile; fileRef = 984B251EBD744F5A9A794777 /* CDVViewController+SplashScreen.m */; };
		30F082AE9A5A4E6BB1A738E2 /* CDVStatusBar.m in Sources */ = {isa = PBXBuildFile; fileRef = 4FEFCC4326F54A53B1FCF8D6 /* CDVStatusBar.m */; };
		7D2593C9CAA248128682D5B6 /* CDVVibration.m in Sources */ = {isa = PBXBuildFile; fileRef = 9166A82965E0496E99CE2FAD /* CDVVibration.m */; };
		38F3085FA435426C88ED2EE1 /* CDVSound.m in Sources */ = {isa = PBXBuildFile; fileRef = EA9D9AFA8B5C4BD49C2A0AE7 /* CDVSound.m */; };
		F8859303C25343698932BEF5 /* CDVCapture.m in Sources */ = {isa = PBXBuildFile; fileRef = 6ED7F39B28E747D884876E6C /* CDVCapture.m */; };
		222B43A9816644EB987085BF /* CDVCapture.bundle in Resources */ = {isa = PBXBuildFile; fileRef = 02DA7234ADCD410C8B848451 /* CDVCapture.bundle */; };
/* End PBXBuildFile section */

/* Begin PBXContainerItemProxy section */
		301BF534109A57CC0062928A /* PBXContainerItemProxy */ = {
			isa = PBXContainerItemProxy;
			containerPortal = 301BF52D109A57CC0062928A /* CordovaLib.xcodeproj */;
			proxyType = 2;
			remoteGlobalIDString = D2AAC07E0554694100DB518D;
			remoteInfo = CordovaLib;
		};
		301BF550109A68C00062928A /* PBXContainerItemProxy */ = {
			isa = PBXContainerItemProxy;
			containerPortal = 301BF52D109A57CC0062928A /* CordovaLib.xcodeproj */;
			proxyType = 1;
			remoteGlobalIDString = D2AAC07D0554694100DB518D;
			remoteInfo = CordovaLib;
		};
/* End PBXContainerItemProxy section */

/* Begin PBXFileReference section */
		0207DA571B56EA530066E2B4 /* Images.xcassets */ = {isa = PBXFileReference; lastKnownFileType = folder.assetcatalog; name = Images.xcassets; path = "AppriSiren/Images.xcassets"; sourceTree = SOURCE_ROOT; };
		1D3623240D0F684500981E51 /* AppDelegate.h */ = {isa = PBXFileReference; fileEncoding = 4; lastKnownFileType = sourcecode.c.h; path = AppDelegate.h; sourceTree = "<group>"; };
		1D3623250D0F684500981E51 /* AppDelegate.m */ = {isa = PBXFileReference; fileEncoding = 4; lastKnownFileType = sourcecode.c.objc; path = AppDelegate.m; sourceTree = "<group>"; };
		1D6058910D05DD3D006BFB54 /* AppriSiren.app */ = {isa = PBXFileReference; explicitFileType = wrapper.application; includeInIndex = 0; path = "AppriSiren.app"; sourceTree = BUILT_PRODUCTS_DIR; };
		29B97316FDCFA39411CA2CEA /* main.m */ = {isa = PBXFileReference; fileEncoding = 4; lastKnownFileType = sourcecode.c.objc; path = main.m; sourceTree = "<group>"; };
		301BF52D109A57CC0062928A /* CordovaLib.xcodeproj */ = {isa = PBXFileReference; lastKnownFileType = "wrapper.pb-project"; name = CordovaLib.xcodeproj; path = CordovaLib/CordovaLib.xcodeproj; sourceTree = "<group>"; };
		301BF56E109A69640062928A /* www */ = {isa = PBXFileReference; lastKnownFileType = folder; path = www; sourceTree = SOURCE_ROOT; };
		302D95EE14D2391D003F00A1 /* MainViewController.h */ = {isa = PBXFileReference; fileEncoding = 4; lastKnownFileType = sourcecode.c.h; path = MainViewController.h; sourceTree = "<group>"; };
		302D95EF14D2391D003F00A1 /* MainViewController.m */ = {isa = PBXFileReference; fileEncoding = 4; lastKnownFileType = sourcecode.c.objc; path = MainViewController.m; sourceTree = "<group>"; };
		302D95F014D2391D003F00A1 /* MainViewController.xib */ = {isa = PBXFileReference; fileEncoding = 4; lastKnownFileType = file.xib; path = MainViewController.xib; sourceTree = "<group>"; };
		3047A50F1AB8059700498E2A /* build-debug.xcconfig */ = {isa = PBXFileReference; fileEncoding = 4; lastKnownFileType = text.xcconfig; name = "build-debug.xcconfig"; path = cordova/build-debug.xcconfig; sourceTree = SOURCE_ROOT; };
		3047A5101AB8059700498E2A /* build-release.xcconfig */ = {isa = PBXFileReference; fileEncoding = 4; lastKnownFileType = text.xcconfig; name = "build-release.xcconfig"; path = cordova/build-release.xcconfig; sourceTree = SOURCE_ROOT; };
		3047A5111AB8059700498E2A /* build.xcconfig */ = {isa = PBXFileReference; fileEncoding = 4; lastKnownFileType = text.xcconfig; name = build.xcconfig; path = cordova/build.xcconfig; sourceTree = SOURCE_ROOT; };
		32CA4F630368D1EE00C91783 /* AppriSiren-Prefix.pch */ = {isa = PBXFileReference; fileEncoding = 4; lastKnownFileType = sourcecode.c.h; path = "AppriSiren-Prefix.pch"; sourceTree = "<group>"; };
		8D1107310486CEB800E47090 /* AppriSiren-Info.plist */ = {isa = PBXFileReference; fileEncoding = 4; lastKnownFileType = text.plist.xml; name = "AppriSiren-Info.plist"; path = "AppriSiren/AppriSiren-Info.plist"; plistStructureDefinitionIdentifier = "com.apple.xcode.plist.structure-definition.iphone.info-plist"; sourceTree = SOURCE_ROOT; };
		EB87FDF31871DA8E0020F90C /* www */ = {isa = PBXFileReference; lastKnownFileType = folder; name = www; path = ../../www; sourceTree = "<group>"; };
		EB87FDF41871DAF40020F90C /* config.xml */ = {isa = PBXFileReference; lastKnownFileType = text.xml; name = config.xml; path = ../../config.xml; sourceTree = "<group>"; };
		F840E1F0165FE0F500CFE078 /* config.xml */ = {isa = PBXFileReference; lastKnownFileType = text.xml; name = config.xml; path = "AppriSiren/config.xml"; sourceTree = "<group>"; };
		ED33DF2A687741AEAF9F8254 /* Bridging-Header.h */ = {isa = PBXFileReference; fileEncoding = 4; lastKnownFileType = sourcecode.c.h; name = "Bridging-Header.h"; path = "Bridging-Header.h"; sourceTree = "<group>"; };
		7080B47B4FF74979857D59CB /* CDVBattery.m */ = {isa = PBXFileReference; name = "CDVBattery.m"; path = "cordova-plugin-battery-status/CDVBattery.m"; sourceTree = "<group>"; fileEncoding = 4; lastKnownFileType = sourcecode.c.objc; explicitFileType = undefined; includeInIndex = 0; };
		0BB0344315DF4AD9BF484AA9 /* CDVBattery.h */ = {isa = PBXFileReference; name = "CDVBattery.h"; path = "cordova-plugin-battery-status/CDVBattery.h"; sourceTree = "<group>"; fileEncoding = 4; lastKnownFileType = sourcecode.c.h; explicitFileType = undefined; includeInIndex = 0; };
		A81AD46463BF466EA45F1A47 /* UIImage+CropScaleOrientation.m */ = {isa = PBXFileReference; name = "UIImage+CropScaleOrientation.m"; path = "cordova-plugin-camera/UIImage+CropScaleOrientation.m"; sourceTree = "<group>"; fileEncoding = 4; lastKnownFileType = sourcecode.c.objc; explicitFileType = undefined; includeInIndex = 0; };
		6D3638C55EAC4529A6991E36 /* CDVCamera.m */ = {isa = PBXFileReference; name = "CDVCamera.m"; path = "cordova-plugin-camera/CDVCamera.m"; sourceTree = "<group>"; fileEncoding = 4; lastKnownFileType = sourcecode.c.objc; explicitFileType = undefined; includeInIndex = 0; };
		F6CA46717EB74CA383487983 /* CDVJpegHeaderWriter.m */ = {isa = PBXFileReference; name = "CDVJpegHeaderWriter.m"; path = "cordova-plugin-camera/CDVJpegHeaderWriter.m"; sourceTree = "<group>"; fileEncoding = 4; lastKnownFileType = sourcecode.c.objc; explicitFileType = undefined; includeInIndex = 0; };
		F01215A6C0BA43F080533385 /* UIImage+CropScaleOrientation.h */ = {isa = PBXFileReference; name = "UIImage+CropScaleOrientation.h"; path = "cordova-plugin-camera/UIImage+CropScaleOrientation.h"; sourceTree = "<group>"; fileEncoding = 4; lastKnownFileType = sourcecode.c.h; explicitFileType = undefined; includeInIndex = 0; };
		37042A432A5C4AF88477FD0C /* CDVCamera.h */ = {isa = PBXFileReference; name = "CDVCamera.h"; path = "cordova-plugin-camera/CDVCamera.h"; sourceTree = "<group>"; fileEncoding = 4; lastKnownFileType = sourcecode.c.h; explicitFileType = undefined; includeInIndex = 0; };
		49D2697E51FC4B908BD40308 /* CDVJpegHeaderWriter.h */ = {isa = PBXFileReference; name = "CDVJpegHeaderWriter.h"; path = "cordova-plugin-camera/CDVJpegHeaderWriter.h"; sourceTree = "<group>"; fileEncoding = 4; lastKnownFileType = sourcecode.c.h; explicitFileType = undefined; includeInIndex = 0; };
		43BDFC855CDE4A28BAD50CED /* CDVExif.h */ = {isa = PBXFileReference; name = "CDVExif.h"; path = "cordova-plugin-camera/CDVExif.h"; sourceTree = "<group>"; fileEncoding = 4; lastKnownFileType = sourcecode.c.h; explicitFileType = undefined; includeInIndex = 0; };
		EF8BFB9588E64752A0455D7F /* ImageIO.framework */ = {isa = PBXFileReference; name = "ImageIO.framework"; path = "System/Library/Frameworks/ImageIO.framework"; sourceTree = SDKROOT; fileEncoding = undefined; lastKnownFileType = wrapper.framework; explicitFileType = undefined; includeInIndex = 0; };
		2ADCDE6B10184D288C039CE9 /* CoreLocation.framework */ = {isa = PBXFileReference; name = "CoreLocation.framework"; path = "System/Library/Frameworks/CoreLocation.framework"; sourceTree = SDKROOT; fileEncoding = undefined; lastKnownFileType = wrapper.framework; explicitFileType = undefined; includeInIndex = 0; };
		F5ED32E16B2D4A2D96E7CC65 /* AVFoundation.framework */ = {isa = PBXFileReference; name = "AVFoundation.framework"; path = "System/Library/Frameworks/AVFoundation.framework"; sourceTree = SDKROOT; fileEncoding = undefined; lastKnownFileType = wrapper.framework; explicitFileType = undefined; includeInIndex = 0; };
		D51B7F0F6E3E40CDBCF5FD16 /* CDVLogger.m */ = {isa = PBXFileReference; name = "CDVLogger.m"; path = "cordova-plugin-console/CDVLogger.m"; sourceTree = "<group>"; fileEncoding = 4; lastKnownFileType = sourcecode.c.objc; explicitFileType = undefined; includeInIndex = 0; };
		0EFCD8BA3CCB46E1ABD612C1 /* CDVLogger.h */ = {isa = PBXFileReference; name = "CDVLogger.h"; path = "cordova-plugin-console/CDVLogger.h"; sourceTree = "<group>"; fileEncoding = 4; lastKnownFileType = sourcecode.c.h; explicitFileType = undefined; includeInIndex = 0; };
		21F305D67D52495DB0E01486 /* CDVContacts.m */ = {isa = PBXFileReference; name = "CDVContacts.m"; path = "cordova-plugin-contacts/CDVContacts.m"; sourceTree = "<group>"; fileEncoding = 4; lastKnownFileType = sourcecode.c.objc; explicitFileType = undefined; includeInIndex = 0; };
		BD9EF72B79004C8484B93BB5 /* CDVContact.m */ = {isa = PBXFileReference; name = "CDVContact.m"; path = "cordova-plugin-contacts/CDVContact.m"; sourceTree = "<group>"; fileEncoding = 4; lastKnownFileType = sourcecode.c.objc; explicitFileType = undefined; includeInIndex = 0; };
		AF3113487B0F4200BDF5B42E /* CDVContacts.h */ = {isa = PBXFileReference; name = "CDVContacts.h"; path = "cordova-plugin-contacts/CDVContacts.h"; sourceTree = "<group>"; fileEncoding = 4; lastKnownFileType = sourcecode.c.h; explicitFileType = undefined; includeInIndex = 0; };
		32E1A0AF8DAC4E41A7E62910 /* CDVContact.h */ = {isa = PBXFileReference; name = "CDVContact.h"; path = "cordova-plugin-contacts/CDVContact.h"; sourceTree = "<group>"; fileEncoding = 4; lastKnownFileType = sourcecode.c.h; explicitFileType = undefined; includeInIndex = 0; };
		59461D2FE9984F1E84915C4F /* AddressBook.framework */ = {isa = PBXFileReference; name = "AddressBook.framework"; path = "System/Library/Frameworks/AddressBook.framework"; sourceTree = SDKROOT; fileEncoding = undefined; lastKnownFileType = wrapper.framework; explicitFileType = undefined; includeInIndex = 0; };
		74E959BA4DB84BF38810DDEB /* AddressBookUI.framework */ = {isa = PBXFileReference; name = "AddressBookUI.framework"; path = "System/Library/Frameworks/AddressBookUI.framework"; sourceTree = SDKROOT; fileEncoding = undefined; lastKnownFileType = wrapper.framework; explicitFileType = undefined; includeInIndex = 0; };
		F833C0A758DA4F3A97809D39 /* CDVDevice.m */ = {isa = PBXFileReference; name = "CDVDevice.m"; path = "cordova-plugin-device/CDVDevice.m"; sourceTree = "<group>"; fileEncoding = 4; lastKnownFileType = sourcecode.c.objc; explicitFileType = undefined; includeInIndex = 0; };
		461C0A9BB5314E819ABE598F /* CDVDevice.h */ = {isa = PBXFileReference; name = "CDVDevice.h"; path = "cordova-plugin-device/CDVDevice.h"; sourceTree = "<group>"; fileEncoding = 4; lastKnownFileType = sourcecode.c.h; explicitFileType = undefined; includeInIndex = 0; };
		F2C57D3B00F0453384E753E8 /* CDVAccelerometer.m */ = {isa = PBXFileReference; name = "CDVAccelerometer.m"; path = "cordova-plugin-device-motion/CDVAccelerometer.m"; sourceTree = "<group>"; fileEncoding = 4; lastKnownFileType = sourcecode.c.objc; explicitFileType = undefined; includeInIndex = 0; };
		D97C9F8416304C7AA95F51CB /* CDVAccelerometer.h */ = {isa = PBXFileReference; name = "CDVAccelerometer.h"; path = "cordova-plugin-device-motion/CDVAccelerometer.h"; sourceTree = "<group>"; fileEncoding = 4; lastKnownFileType = sourcecode.c.h; explicitFileType = undefined; includeInIndex = 0; };
		48BE966AA3C5457CAD65B9E2 /* CoreMotion.framework */ = {isa = PBXFileReference; name = "CoreMotion.framework"; path = "System/Library/Frameworks/CoreMotion.framework"; sourceTree = SDKROOT; fileEncoding = undefined; lastKnownFileType = wrapper.framework; explicitFileType = undefined; includeInIndex = 0; };
		087DB01903534E2DAA538D9C /* CDVCompass.m */ = {isa = PBXFileReference; name = "CDVCompass.m"; path = "cordova-plugin-device-orientation/CDVCompass.m"; sourceTree = "<group>"; fileEncoding = 4; lastKnownFileType = sourcecode.c.objc; explicitFileType = undefined; includeInIndex = 0; };
		02711E4A5A734BD3BF047580 /* CDVCompass.h */ = {isa = PBXFileReference; name = "CDVCompass.h"; path = "cordova-plugin-device-orientation/CDVCompass.h"; sourceTree = "<group>"; fileEncoding = 4; lastKnownFileType = sourcecode.c.h; explicitFileType = undefined; includeInIndex = 0; };
		7ED435282DD34767BFAA6359 /* CDVNotification.m */ = {isa = PBXFileReference; name = "CDVNotification.m"; path = "cordova-plugin-dialogs/CDVNotification.m"; sourceTree = "<group>"; fileEncoding = 4; lastKnownFileType = sourcecode.c.objc; explicitFileType = undefined; includeInIndex = 0; };
		43C3E7FE7444415AB2B7DA83 /* CDVNotification.h */ = {isa = PBXFileReference; name = "CDVNotification.h"; path = "cordova-plugin-dialogs/CDVNotification.h"; sourceTree = "<group>"; fileEncoding = 4; lastKnownFileType = sourcecode.c.h; explicitFileType = undefined; includeInIndex = 0; };
		AB86C491264F4164A731AF9D /* CDVNotification.bundle */ = {isa = PBXFileReference; name = "CDVNotification.bundle"; path = "CDVNotification.bundle"; sourceTree = "<group>"; fileEncoding = undefined; lastKnownFileType = wrapper.plug-in; explicitFileType = undefined; includeInIndex = 0; };
		172D65BB10AF4813926B9B63 /* AudioToolbox.framework */ = {isa = PBXFileReference; name = "AudioToolbox.framework"; path = "System/Library/Frameworks/AudioToolbox.framework"; sourceTree = SDKROOT; fileEncoding = undefined; lastKnownFileType = wrapper.framework; explicitFileType = undefined; includeInIndex = 0; };
		CAE1F258354C46678B829275 /* CDVFile.m */ = {isa = PBXFileReference; name = "CDVFile.m"; path = "cordova-plugin-file/CDVFile.m"; sourceTree = "<group>"; fileEncoding = 4; lastKnownFileType = sourcecode.c.objc; explicitFileType = undefined; includeInIndex = 0; };
		97960723491F4B7686E01469 /* CDVLocalFilesystem.m */ = {isa = PBXFileReference; name = "CDVLocalFilesystem.m"; path = "cordova-plugin-file/CDVLocalFilesystem.m"; sourceTree = "<group>"; fileEncoding = 4; lastKnownFileType = sourcecode.c.objc; explicitFileType = undefined; includeInIndex = 0; };
		01DF68B401CC4F4084ECDD4A /* CDVAssetLibraryFilesystem.m */ = {isa = PBXFileReference; name = "CDVAssetLibraryFilesystem.m"; path = "cordova-plugin-file/CDVAssetLibraryFilesystem.m"; sourceTree = "<group>"; fileEncoding = 4; lastKnownFileType = sourcecode.c.objc; explicitFileType = undefined; includeInIndex = 0; };
		63021B2CEBD14A49A7C4EDE4 /* CDVFile.h */ = {isa = PBXFileReference; name = "CDVFile.h"; path = "cordova-plugin-file/CDVFile.h"; sourceTree = "<group>"; fileEncoding = 4; lastKnownFileType = sourcecode.c.h; explicitFileType = undefined; includeInIndex = 0; };
		A814E55D78F7495C957663B7 /* CDVLocalFilesystem.h */ = {isa = PBXFileReference; name = "CDVLocalFilesystem.h"; path = "cordova-plugin-file/CDVLocalFilesystem.h"; sourceTree = "<group>"; fileEncoding = 4; lastKnownFileType = sourcecode.c.h; explicitFileType = undefined; includeInIndex = 0; };
		5E0A17CE3F6841F4A3345723 /* CDVAssetLibraryFilesystem.h */ = {isa = PBXFileReference; name = "CDVAssetLibraryFilesystem.h"; path = "cordova-plugin-file/CDVAssetLibraryFilesystem.h"; sourceTree = "<group>"; fileEncoding = 4; lastKnownFileType = sourcecode.c.h; explicitFileType = undefined; includeInIndex = 0; };
		364865BB630E4D93BF45C0BC /* CDVFileTransfer.m */ = {isa = PBXFileReference; name = "CDVFileTransfer.m"; path = "cordova-plugin-file-transfer/CDVFileTransfer.m"; sourceTree = "<group>"; fileEncoding = 4; lastKnownFileType = sourcecode.c.objc; explicitFileType = undefined; includeInIndex = 0; };
		78C454D7F503421586372871 /* CDVFileTransfer.h */ = {isa = PBXFileReference; name = "CDVFileTransfer.h"; path = "cordova-plugin-file-transfer/CDVFileTransfer.h"; sourceTree = "<group>"; fileEncoding = 4; lastKnownFileType = sourcecode.c.h; explicitFileType = undefined; includeInIndex = 0; };
		B0D117768F3046D8BF53510E /* CDVLocation.m */ = {isa = PBXFileReference; name = "CDVLocation.m"; path = "cordova-plugin-geolocation/CDVLocation.m"; sourceTree = "<group>"; fileEncoding = 4; lastKnownFileType = sourcecode.c.objc; explicitFileType = undefined; includeInIndex = 0; };
		3171997D8FA14497BEBA7CDC /* CDVLocation.h */ = {isa = PBXFileReference; name = "CDVLocation.h"; path = "cordova-plugin-geolocation/CDVLocation.h"; sourceTree = "<group>"; fileEncoding = 4; lastKnownFileType = sourcecode.c.h; explicitFileType = undefined; includeInIndex = 0; };
		6F87292EADFE45119F42D4FC /* CDVGlobalization.m */ = {isa = PBXFileReference; name = "CDVGlobalization.m"; path = "cordova-plugin-globalization/CDVGlobalization.m"; sourceTree = "<group>"; fileEncoding = 4; lastKnownFileType = sourcecode.c.objc; explicitFileType = undefined; includeInIndex = 0; };
		A32F1C07B4BE4BAFA7991377 /* CDVGlobalization.h */ = {isa = PBXFileReference; name = "CDVGlobalization.h"; path = "cordova-plugin-globalization/CDVGlobalization.h"; sourceTree = "<group>"; fileEncoding = 4; lastKnownFileType = sourcecode.c.h; explicitFileType = undefined; includeInIndex = 0; };
		459D584D7D3145D9844EBCF1 /* CDVInAppBrowser.m */ = {isa = PBXFileReference; name = "CDVInAppBrowser.m"; path = "cordova-plugin-inappbrowser/CDVInAppBrowser.m"; sourceTree = "<group>"; fileEncoding = 4; lastKnownFileType = sourcecode.c.objc; explicitFileType = undefined; includeInIndex = 0; };
		56E592186043449BB189ADD5 /* CDVInAppBrowser.h */ = {isa = PBXFileReference; name = "CDVInAppBrowser.h"; path = "cordova-plugin-inappbrowser/CDVInAppBrowser.h"; sourceTree = "<group>"; fileEncoding = 4; lastKnownFileType = sourcecode.c.h; explicitFileType = undefined; includeInIndex = 0; };
		0D5DC1A402794FCA9A7E1698 /* CDVConnection.m */ = {isa = PBXFileReference; name = "CDVConnection.m"; path = "cordova-plugin-network-information/CDVConnection.m"; sourceTree = "<group>"; fileEncoding = 4; lastKnownFileType = sourcecode.c.objc; explicitFileType = undefined; includeInIndex = 0; };
		65E8B593894F4153B3C8DA65 /* CDVReachability.m */ = {isa = PBXFileReference; name = "CDVReachability.m"; path = "cordova-plugin-network-information/CDVReachability.m"; sourceTree = "<group>"; fileEncoding = 4; lastKnownFileType = sourcecode.c.objc; explicitFileType = undefined; includeInIndex = 0; };
		B8DB5F7A18CE44E394C8E409 /* CDVConnection.h */ = {isa = PBXFileReference; name = "CDVConnection.h"; path = "cordova-plugin-network-information/CDVConnection.h"; sourceTree = "<group>"; fileEncoding = 4; lastKnownFileType = sourcecode.c.h; explicitFileType = undefined; includeInIndex = 0; };
		53FF3DD3A852450991C77B4C /* CDVReachability.h */ = {isa = PBXFileReference; name = "CDVReachability.h"; path = "cordova-plugin-network-information/CDVReachability.h"; sourceTree = "<group>"; fileEncoding = 4; lastKnownFileType = sourcecode.c.h; explicitFileType = undefined; includeInIndex = 0; };
		8419C75F9DA04E80AD54C791 /* SystemConfiguration.framework */ = {isa = PBXFileReference; name = "SystemConfiguration.framework"; path = "System/Library/Frameworks/SystemConfiguration.framework"; sourceTree = SDKROOT; fileEncoding = undefined; lastKnownFileType = wrapper.framework; explicitFileType = undefined; includeInIndex = 0; };
		78EDB8D3D229462394B64EAE /* CoreTelephony.framework */ = {isa = PBXFileReference; name = "CoreTelephony.framework"; path = "System/Library/Frameworks/CoreTelephony.framework"; sourceTree = SDKROOT; fileEncoding = undefined; lastKnownFileType = wrapper.framework; explicitFileType = undefined; includeInIndex = 0; };
		6B7ABF13636F489E803B2B40 /* CDVSplashScreen.m */ = {isa = PBXFileReference; name = "CDVSplashScreen.m"; path = "cordova-plugin-splashscreen/CDVSplashScreen.m"; sourceTree = "<group>"; fileEncoding = 4; lastKnownFileType = sourcecode.c.objc; explicitFileType = undefined; includeInIndex = 0; };
		984B251EBD744F5A9A794777 /* CDVViewController+SplashScreen.m */ = {isa = PBXFileReference; name = "CDVViewController+SplashScreen.m"; path = "cordova-plugin-splashscreen/CDVViewController+SplashScreen.m"; sourceTree = "<group>"; fileEncoding = 4; lastKnownFileType = sourcecode.c.objc; explicitFileType = undefined; includeInIndex = 0; };
		D587E6FCBCF141D7AAC78755 /* CDVSplashScreen.h */ = {isa = PBXFileReference; name = "CDVSplashScreen.h"; path = "cordova-plugin-splashscreen/CDVSplashScreen.h"; sourceTree = "<group>"; fileEncoding = 4; lastKnownFileType = sourcecode.c.h; explicitFileType = undefined; includeInIndex = 0; };
		9E90356D48C1497291378A7A /* CDVViewController+SplashScreen.h */ = {isa = PBXFileReference; name = "CDVViewController+SplashScreen.h"; path = "cordova-plugin-splashscreen/CDVViewController+SplashScreen.h"; sourceTree = "<group>"; fileEncoding = 4; lastKnownFileType = sourcecode.c.h; explicitFileType = undefined; includeInIndex = 0; };
		4FEFCC4326F54A53B1FCF8D6 /* CDVStatusBar.m */ = {isa = PBXFileReference; name = "CDVStatusBar.m"; path = "cordova-plugin-statusbar/CDVStatusBar.m"; sourceTree = "<group>"; fileEncoding = 4; lastKnownFileType = sourcecode.c.objc; explicitFileType = undefined; includeInIndex = 0; };
		393E9F54E6CF486AB7FF2095 /* CDVStatusBar.h */ = {isa = PBXFileReference; name = "CDVStatusBar.h"; path = "cordova-plugin-statusbar/CDVStatusBar.h"; sourceTree = "<group>"; fileEncoding = 4; lastKnownFileType = sourcecode.c.h; explicitFileType = undefined; includeInIndex = 0; };
		9166A82965E0496E99CE2FAD /* CDVVibration.m */ = {isa = PBXFileReference; name = "CDVVibration.m"; path = "cordova-plugin-vibration/CDVVibration.m"; sourceTree = "<group>"; fileEncoding = 4; lastKnownFileType = sourcecode.c.objc; explicitFileType = undefined; includeInIndex = 0; };
		205F0DAFCECD4828B7970A84 /* CDVVibration.h */ = {isa = PBXFileReference; name = "CDVVibration.h"; path = "cordova-plugin-vibration/CDVVibration.h"; sourceTree = "<group>"; fileEncoding = 4; lastKnownFileType = sourcecode.c.h; explicitFileType = undefined; includeInIndex = 0; };
		EA9D9AFA8B5C4BD49C2A0AE7 /* CDVSound.m */ = {isa = PBXFileReference; name = "CDVSound.m"; path = "cordova-plugin-media/CDVSound.m"; sourceTree = "<group>"; fileEncoding = 4; lastKnownFileType = sourcecode.c.objc; explicitFileType = undefined; includeInIndex = 0; };
		1A3CE84F6C2D41DDB26DB2D9 /* CDVSound.h */ = {isa = PBXFileReference; name = "CDVSound.h"; path = "cordova-plugin-media/CDVSound.h"; sourceTree = "<group>"; fileEncoding = 4; lastKnownFileType = sourcecode.c.h; explicitFileType = undefined; includeInIndex = 0; };
		6ED7F39B28E747D884876E6C /* CDVCapture.m */ = {isa = PBXFileReference; name = "CDVCapture.m"; path = "cordova-plugin-media-capture/CDVCapture.m"; sourceTree = "<group>"; fileEncoding = 4; lastKnownFileType = sourcecode.c.objc; explicitFileType = undefined; includeInIndex = 0; };
		C550220B0F3145028F98DD03 /* CDVCapture.h */ = {isa = PBXFileReference; name = "CDVCapture.h"; path = "cordova-plugin-media-capture/CDVCapture.h"; sourceTree = "<group>"; fileEncoding = 4; lastKnownFileType = sourcecode.c.h; explicitFileType = undefined; includeInIndex = 0; };
		02DA7234ADCD410C8B848451 /* CDVCapture.bundle */ = {isa = PBXFileReference; name = "CDVCapture.bundle"; path = "CDVCapture.bundle"; sourceTree = "<group>"; fileEncoding = undefined; lastKnownFileType = wrapper.plug-in; explicitFileType = undefined; includeInIndex = 0; };
/* End PBXFileReference section */

/* Begin PBXFrameworksBuildPhase section */
		1D60588F0D05DD3D006BFB54 /* Frameworks */ = {
			isa = PBXFrameworksBuildPhase;
			buildActionMask = 2147483647;
			files = (
				301BF552109A68D80062928A /* libCordova.a in Frameworks */,
				71E9AF24E1044CE7AF8C2479 /* ImageIO.framework in Frameworks */,
				92A1F0DE9D9C4DBA9A86D89E /* CoreLocation.framework in Frameworks */,
				8B44FCE09E534E6C8F3E2D6D /* AVFoundation.framework in Frameworks */,
				B2591380787D49CF97E9BA9F /* AddressBook.framework in Frameworks */,
				1016D0CCC17D4A3397ECE43F /* AddressBookUI.framework in Frameworks */,
				317EBEB4BC604B6B82AEF96A /* CoreMotion.framework in Frameworks */,
				401BB77FE4B242088F615D69 /* AudioToolbox.framework in Frameworks */,
				5D1CECBFCC834613B6ED78BE /* SystemConfiguration.framework in Frameworks */,
				4D94BC77AF38470582CB0433 /* CoreTelephony.framework in Frameworks */,
			);
			runOnlyForDeploymentPostprocessing = 0;
		};
/* End PBXFrameworksBuildPhase section */

/* Begin PBXGroup section */
		080E96DDFE201D6D7F000001 /* Classes */ = {
			isa = PBXGroup;
			children = (
				302D95EE14D2391D003F00A1 /* MainViewController.h */,
				302D95EF14D2391D003F00A1 /* MainViewController.m */,
				302D95F014D2391D003F00A1 /* MainViewController.xib */,
				1D3623240D0F684500981E51 /* AppDelegate.h */,
				1D3623250D0F684500981E51 /* AppDelegate.m */,
			);
			name = Classes;
			path = "AppriSiren/Classes";
			sourceTree = SOURCE_ROOT;
		};
		19C28FACFE9D520D11CA2CBB /* Products */ = {
			isa = PBXGroup;
			children = (
				1D6058910D05DD3D006BFB54 /* AppriSiren.app */,
			);
			name = Products;
			sourceTree = "<group>";
		};
		29B97314FDCFA39411CA2CEA /* CustomTemplate */ = {
			isa = PBXGroup;
			children = (
				EB87FDF41871DAF40020F90C /* config.xml */,
				EB87FDF31871DA8E0020F90C /* www */,
				EB87FDF11871DA420020F90C /* Staging */,
				301BF52D109A57CC0062928A /* CordovaLib.xcodeproj */,
				080E96DDFE201D6D7F000001 /* Classes */,
				307C750510C5A3420062BCA9 /* Plugins */,
				29B97315FDCFA39411CA2CEA /* Other Sources */,
				29B97317FDCFA39411CA2CEA /* Resources */,
				29B97323FDCFA39411CA2CEA /* Frameworks */,
				19C28FACFE9D520D11CA2CBB /* Products */,
			);
			name = CustomTemplate;
			sourceTree = "<group>";
		};
		29B97315FDCFA39411CA2CEA /* Other Sources */ = {
			isa = PBXGroup;
			children = (
				32CA4F630368D1EE00C91783 /* AppriSiren-Prefix.pch */,
				29B97316FDCFA39411CA2CEA /* main.m */,
				ED33DF2A687741AEAF9F8254 /* Bridging-Header.h */,
			);
			name = "Other Sources";
			path = "AppriSiren";
			sourceTree = "<group>";
		};
		29B97317FDCFA39411CA2CEA /* Resources */ = {
			isa = PBXGroup;
			children = (
				0207DA571B56EA530066E2B4 /* Images.xcassets */,
				3047A50E1AB8057F00498E2A /* config */,
				8D1107310486CEB800E47090 /* AppriSiren-Info.plist */,
				AB86C491264F4164A731AF9D /* CDVNotification.bundle */,
				02DA7234ADCD410C8B848451 /* CDVCapture.bundle */,
			);
			name = Resources;
			path = "AppriSiren/Resources";
			sourceTree = "<group>";
		};
		29B97323FDCFA39411CA2CEA /* Frameworks */ = {
			isa = PBXGroup;
			children = (
				EF8BFB9588E64752A0455D7F /* ImageIO.framework */,
				2ADCDE6B10184D288C039CE9 /* CoreLocation.framework */,
				F5ED32E16B2D4A2D96E7CC65 /* AVFoundation.framework */,
				59461D2FE9984F1E84915C4F /* AddressBook.framework */,
				74E959BA4DB84BF38810DDEB /* AddressBookUI.framework */,
				48BE966AA3C5457CAD65B9E2 /* CoreMotion.framework */,
				172D65BB10AF4813926B9B63 /* AudioToolbox.framework */,
				8419C75F9DA04E80AD54C791 /* SystemConfiguration.framework */,
				78EDB8D3D229462394B64EAE /* CoreTelephony.framework */,
			);
			name = Frameworks;
			sourceTree = "<group>";
		};
		301BF52E109A57CC0062928A /* Products */ = {
			isa = PBXGroup;
			children = (
				301BF535109A57CC0062928A /* libCordova.a */,
			);
			name = Products;
			sourceTree = "<group>";
		};
		3047A50E1AB8057F00498E2A /* config */ = {
			isa = PBXGroup;
			children = (
				3047A50F1AB8059700498E2A /* build-debug.xcconfig */,
				3047A5101AB8059700498E2A /* build-release.xcconfig */,
				3047A5111AB8059700498E2A /* build.xcconfig */,
			);
			name = config;
			sourceTree = "<group>";
		};
		307C750510C5A3420062BCA9 /* Plugins */ = {
			isa = PBXGroup;
			children = (
				7080B47B4FF74979857D59CB /* CDVBattery.m */,
				0BB0344315DF4AD9BF484AA9 /* CDVBattery.h */,
				A81AD46463BF466EA45F1A47 /* UIImage+CropScaleOrientation.m */,
				6D3638C55EAC4529A6991E36 /* CDVCamera.m */,
				F6CA46717EB74CA383487983 /* CDVJpegHeaderWriter.m */,
				F01215A6C0BA43F080533385 /* UIImage+CropScaleOrientation.h */,
				37042A432A5C4AF88477FD0C /* CDVCamera.h */,
				49D2697E51FC4B908BD40308 /* CDVJpegHeaderWriter.h */,
				43BDFC855CDE4A28BAD50CED /* CDVExif.h */,
				D51B7F0F6E3E40CDBCF5FD16 /* CDVLogger.m */,
				0EFCD8BA3CCB46E1ABD612C1 /* CDVLogger.h */,
				21F305D67D52495DB0E01486 /* CDVContacts.m */,
				BD9EF72B79004C8484B93BB5 /* CDVContact.m */,
				AF3113487B0F4200BDF5B42E /* CDVContacts.h */,
				32E1A0AF8DAC4E41A7E62910 /* CDVContact.h */,
				F833C0A758DA4F3A97809D39 /* CDVDevice.m */,
				461C0A9BB5314E819ABE598F /* CDVDevice.h */,
				F2C57D3B00F0453384E753E8 /* CDVAccelerometer.m */,
				D97C9F8416304C7AA95F51CB /* CDVAccelerometer.h */,
				087DB01903534E2DAA538D9C /* CDVCompass.m */,
				02711E4A5A734BD3BF047580 /* CDVCompass.h */,
				7ED435282DD34767BFAA6359 /* CDVNotification.m */,
				43C3E7FE7444415AB2B7DA83 /* CDVNotification.h */,
				CAE1F258354C46678B829275 /* CDVFile.m */,
				97960723491F4B7686E01469 /* CDVLocalFilesystem.m */,
				01DF68B401CC4F4084ECDD4A /* CDVAssetLibraryFilesystem.m */,
				63021B2CEBD14A49A7C4EDE4 /* CDVFile.h */,
				A814E55D78F7495C957663B7 /* CDVLocalFilesystem.h */,
				5E0A17CE3F6841F4A3345723 /* CDVAssetLibraryFilesystem.h */,
				364865BB630E4D93BF45C0BC /* CDVFileTransfer.m */,
				78C454D7F503421586372871 /* CDVFileTransfer.h */,
				B0D117768F3046D8BF53510E /* CDVLocation.m */,
				3171997D8FA14497BEBA7CDC /* CDVLocation.h */,
				6F87292EADFE45119F42D4FC /* CDVGlobalization.m */,
				A32F1C07B4BE4BAFA7991377 /* CDVGlobalization.h */,
				459D584D7D3145D9844EBCF1 /* CDVInAppBrowser.m */,
				56E592186043449BB189ADD5 /* CDVInAppBrowser.h */,
				0D5DC1A402794FCA9A7E1698 /* CDVConnection.m */,
				65E8B593894F4153B3C8DA65 /* CDVReachability.m */,
				B8DB5F7A18CE44E394C8E409 /* CDVConnection.h */,
				53FF3DD3A852450991C77B4C /* CDVReachability.h */,
				6B7ABF13636F489E803B2B40 /* CDVSplashScreen.m */,
				984B251EBD744F5A9A794777 /* CDVViewController+SplashScreen.m */,
				D587E6FCBCF141D7AAC78755 /* CDVSplashScreen.h */,
				9E90356D48C1497291378A7A /* CDVViewController+SplashScreen.h */,
				4FEFCC4326F54A53B1FCF8D6 /* CDVStatusBar.m */,
				393E9F54E6CF486AB7FF2095 /* CDVStatusBar.h */,
				9166A82965E0496E99CE2FAD /* CDVVibration.m */,
				205F0DAFCECD4828B7970A84 /* CDVVibration.h */,
				EA9D9AFA8B5C4BD49C2A0AE7 /* CDVSound.m */,
				1A3CE84F6C2D41DDB26DB2D9 /* CDVSound.h */,
				6ED7F39B28E747D884876E6C /* CDVCapture.m */,
				C550220B0F3145028F98DD03 /* CDVCapture.h */,
			);
			name = Plugins;
			path = "AppriSiren/Plugins";
			sourceTree = SOURCE_ROOT;
		};
		EB87FDF11871DA420020F90C /* Staging */ = {
			isa = PBXGroup;
			children = (
				F840E1F0165FE0F500CFE078 /* config.xml */,
				301BF56E109A69640062928A /* www */,
			);
			name = Staging;
			sourceTree = "<group>";
		};
/* End PBXGroup section */

/* Begin PBXNativeTarget section */
		1D6058900D05DD3D006BFB54 /* AppriSiren */ = {
			isa = PBXNativeTarget;
			buildConfigurationList = 1D6058960D05DD3E006BFB54 /* Build configuration list for PBXNativeTarget "AppriSiren" */;
			buildPhases = (
				304B58A110DAC018002A0835 /* Copy www directory */,
				1D60588D0D05DD3D006BFB54 /* Resources */,
				1D60588E0D05DD3D006BFB54 /* Sources */,
				1D60588F0D05DD3D006BFB54 /* Frameworks */,
			);
			buildRules = (
			);
			dependencies = (
				301BF551109A68C00062928A /* PBXTargetDependency */,
			);
			name = "AppriSiren";
			productName = "AppriSiren";
			productReference = 1D6058910D05DD3D006BFB54 /* AppriSiren.app */;
			productType = "com.apple.product-type.application";
		};
/* End PBXNativeTarget section */

/* Begin PBXProject section */
		29B97313FDCFA39411CA2CEA /* Project object */ = {
			isa = PBXProject;
			attributes = {
				LastUpgradeCheck = 510;
			};
			buildConfigurationList = C01FCF4E08A954540054247B /* Build configuration list for PBXProject "__NON-CLI__" */;
			compatibilityVersion = "Xcode 3.2";
			developmentRegion = English;
			hasScannedForEncodings = 1;
			mainGroup = 29B97314FDCFA39411CA2CEA /* CustomTemplate */;
			projectDirPath = "";
			projectReferences = (
				{
					ProductGroup = 301BF52E109A57CC0062928A /* Products */;
					ProjectRef = 301BF52D109A57CC0062928A /* CordovaLib.xcodeproj */;
				},
			);
			projectRoot = "";
			targets = (
				1D6058900D05DD3D006BFB54 /* AppriSiren */,
			);
		};
/* End PBXProject section */

/* Begin PBXReferenceProxy section */
		301BF535109A57CC0062928A /* libCordova.a */ = {
			isa = PBXReferenceProxy;
			fileType = archive.ar;
			path = libCordova.a;
			remoteRef = 301BF534109A57CC0062928A /* PBXContainerItemProxy */;
			sourceTree = BUILT_PRODUCTS_DIR;
		};
/* End PBXReferenceProxy section */

/* Begin PBXResourcesBuildPhase section */
		1D60588D0D05DD3D006BFB54 /* Resources */ = {
			isa = PBXResourcesBuildPhase;
			buildActionMask = 2147483647;
			files = (
				302D95F214D2391D003F00A1 /* MainViewController.xib in Resources */,
				3047A5131AB8059700498E2A /* build-release.xcconfig in Resources */,
				3047A5141AB8059700498E2A /* build.xcconfig in Resources */,
				0207DA581B56EA530066E2B4 /* Images.xcassets in Resources */,
				3047A5121AB8059700498E2A /* build-debug.xcconfig in Resources */,
				F2387E4D71474EA999409EDB /* CDVNotification.bundle in Resources */,
				222B43A9816644EB987085BF /* CDVCapture.bundle in Resources */,
			);
			runOnlyForDeploymentPostprocessing = 0;
		};
/* End PBXResourcesBuildPhase section */

/* Begin PBXShellScriptBuildPhase section */
		304B58A110DAC018002A0835 /* Copy www directory */ = {
			isa = PBXShellScriptBuildPhase;
			buildActionMask = 2147483647;
			files = (
			);
			inputPaths = (
			);
			name = "Copy www directory";
			outputPaths = (
			);
			runOnlyForDeploymentPostprocessing = 0;
			shellPath = /bin/sh;
			shellScript = "NODEJS_PATH=/usr/local/bin; NVM_NODE_PATH=~/.nvm/versions/node/`nvm version 2>/dev/null`/bin; N_NODE_PATH=`find /usr/local/n/versions/node/* -maxdepth 0 -type d 2>/dev/null | tail -1`/bin; XCODE_NODE_PATH=`xcode-select --print-path`/usr/share/xcs/Node/bin; PATH=$NODEJS_PATH:$NVM_NODE_PATH:$N_NODE_PATH:$XCODE_NODE_PATH:$PATH && node cordova/lib/copy-www-build-step.js";
			showEnvVarsInLog = 0;
		};
/* End PBXShellScriptBuildPhase section */

/* Begin PBXSourcesBuildPhase section */
		1D60588E0D05DD3D006BFB54 /* Sources */ = {
			isa = PBXSourcesBuildPhase;
			buildActionMask = 2147483647;
			files = (
				1D60589B0D05DD56006BFB54 /* main.m in Sources */,
				1D3623260D0F684500981E51 /* AppDelegate.m in Sources */,
				302D95F114D2391D003F00A1 /* MainViewController.m in Sources */,
				46890A538A804A3A9ECD5BCA /* CDVBattery.m in Sources */,
				50960FDF5E41428EBFE3A352 /* UIImage+CropScaleOrientation.m in Sources */,
				869EB4D7DCB54BE8B193C14E /* CDVCamera.m in Sources */,
				5DF62823FCD94FE793513331 /* CDVJpegHeaderWriter.m in Sources */,
				B2890F8AB8C24C049F299107 /* CDVLogger.m in Sources */,
				C4076194E82C4686836B9DD5 /* CDVContacts.m in Sources */,
				93D742D39A75431D89D4B6E2 /* CDVContact.m in Sources */,
				0797505B6CB1406CA0A08898 /* CDVDevice.m in Sources */,
				C5B7B272744748B688E14A57 /* CDVAccelerometer.m in Sources */,
				531797E02CC24F1893D39195 /* CDVCompass.m in Sources */,
				1E954D233F9B45BAB6C475AF /* CDVNotification.m in Sources */,
				A36AF375684448ADA6767EC1 /* CDVFile.m in Sources */,
				A17C48CC71F24F80A97E189D /* CDVLocalFilesystem.m in Sources */,
				73350E3BC0AE456A9671164C /* CDVAssetLibraryFilesystem.m in Sources */,
				7811F5D74E774375A3A4308B /* CDVFileTransfer.m in Sources */,
				82DDFEE4ACF24CBE858E055A /* CDVLocation.m in Sources */,
				FB8DD556698B479183A07AE6 /* CDVGlobalization.m in Sources */,
				09858242F570487ABCE84D80 /* CDVInAppBrowser.m in Sources */,
				E6A4380B50FB4DDCB305566F /* CDVConnection.m in Sources */,
				9C3E118B45B74506860DFD01 /* CDVReachability.m in Sources */,
				A4DFA6E33974438A8EBF12E7 /* CDVSplashScreen.m in Sources */,
				F442A23A17764E84AC9AC32E /* CDVViewController+SplashScreen.m in Sources */,
				30F082AE9A5A4E6BB1A738E2 /* CDVStatusBar.m in Sources */,
				7D2593C9CAA248128682D5B6 /* CDVVibration.m in Sources */,
				38F3085FA435426C88ED2EE1 /* CDVSound.m in Sources */,
				F8859303C25343698932BEF5 /* CDVCapture.m in Sources */,
			);
			runOnlyForDeploymentPostprocessing = 0;
		};
/* End PBXSourcesBuildPhase section */

/* Begin PBXTargetDependency section */
		301BF551109A68C00062928A /* PBXTargetDependency */ = {
			isa = PBXTargetDependency;
			name = CordovaLib;
			targetProxy = 301BF550109A68C00062928A /* PBXContainerItemProxy */;
		};
/* End PBXTargetDependency section */

/* Begin XCBuildConfiguration section */
		1D6058940D05DD3E006BFB54 /* Debug */ = {
			isa = XCBuildConfiguration;
			baseConfigurationReference = 3047A50F1AB8059700498E2A /* build-debug.xcconfig */;
			buildSettings = {
				ALWAYS_SEARCH_USER_PATHS = NO;
				ASSETCATALOG_COMPILER_APPICON_NAME = AppIcon;
				ASSETCATALOG_COMPILER_LAUNCHIMAGE_NAME = LaunchImage;
				CLANG_ENABLE_MODULES = YES;
				CLANG_ENABLE_OBJC_ARC = YES;
				COPY_PHASE_STRIP = NO;
				GCC_DYNAMIC_NO_PIC = NO;
				GCC_OPTIMIZATION_LEVEL = 0;
				GCC_PRECOMPILE_PREFIX_HEADER = YES;
				GCC_PREFIX_HEADER = "AppriSiren/AppriSiren-Prefix.pch";
				GCC_THUMB_SUPPORT = NO;
				GCC_VERSION = "";
				INFOPLIST_FILE = "AppriSiren/AppriSiren-Info.plist";
				LD_RUNPATH_SEARCH_PATHS = "@executable_path/Frameworks";
				PRODUCT_NAME = "AppriSiren";
			};
			name = Debug;
		};
		1D6058950D05DD3E006BFB54 /* Release */ = {
			isa = XCBuildConfiguration;
			baseConfigurationReference = 3047A5101AB8059700498E2A /* build-release.xcconfig */;
			buildSettings = {
				ALWAYS_SEARCH_USER_PATHS = NO;
				ASSETCATALOG_COMPILER_APPICON_NAME = AppIcon;
				ASSETCATALOG_COMPILER_LAUNCHIMAGE_NAME = LaunchImage;
				CLANG_ENABLE_MODULES = YES;
				CLANG_ENABLE_OBJC_ARC = YES;
				COPY_PHASE_STRIP = YES;
				GCC_PRECOMPILE_PREFIX_HEADER = YES;
				GCC_PREFIX_HEADER = "AppriSiren/AppriSiren-Prefix.pch";
				GCC_THUMB_SUPPORT = NO;
				GCC_VERSION = "";
				INFOPLIST_FILE = "AppriSiren/AppriSiren-Info.plist";
				PRODUCT_NAME = "AppriSiren";
			};
			name = Release;
		};
		C01FCF4F08A954540054247B /* Debug */ = {
			isa = XCBuildConfiguration;
			baseConfigurationReference = 3047A5111AB8059700498E2A /* build.xcconfig */;
			buildSettings = {
				CLANG_ENABLE_MODULES = YES;
				CLANG_ENABLE_OBJC_ARC = YES;
				CLANG_WARN_BOOL_CONVERSION = YES;
				CLANG_WARN_CONSTANT_CONVERSION = YES;
				CLANG_WARN_EMPTY_BODY = YES;
				CLANG_WARN_ENUM_CONVERSION = YES;
				CLANG_WARN_INT_CONVERSION = YES;
				CLANG_WARN__DUPLICATE_METHOD_MATCH = YES;
				GCC_C_LANGUAGE_STANDARD = c99;
				GCC_THUMB_SUPPORT = NO;
				GCC_VERSION = "";
				GCC_WARN_ABOUT_RETURN_TYPE = YES;
				GCC_WARN_UNDECLARED_SELECTOR = YES;
				GCC_WARN_UNINITIALIZED_AUTOS = YES;
				GCC_WARN_UNUSED_FUNCTION = YES;
				GCC_WARN_UNUSED_VARIABLE = YES;
				ONLY_ACTIVE_ARCH = YES;
				SDKROOT = iphoneos;
				SKIP_INSTALL = NO;
			};
			name = Debug;
		};
		C01FCF5008A954540054247B /* Release */ = {
			isa = XCBuildConfiguration;
			baseConfigurationReference = 3047A5111AB8059700498E2A /* build.xcconfig */;
			buildSettings = {
				CLANG_ENABLE_MODULES = YES;
				CLANG_ENABLE_OBJC_ARC = YES;
				CLANG_WARN_BOOL_CONVERSION = YES;
				CLANG_WARN_CONSTANT_CONVERSION = YES;
				CLANG_WARN_EMPTY_BODY = YES;
				CLANG_WARN_ENUM_CONVERSION = YES;
				CLANG_WARN_INT_CONVERSION = YES;
				CLANG_WARN__DUPLICATE_METHOD_MATCH = YES;
				GCC_C_LANGUAGE_STANDARD = c99;
				GCC_THUMB_SUPPORT = NO;
				GCC_VERSION = "";
				GCC_WARN_ABOUT_RETURN_TYPE = YES;
				GCC_WARN_UNDECLARED_SELECTOR = YES;
				GCC_WARN_UNINITIALIZED_AUTOS = YES;
				GCC_WARN_UNUSED_FUNCTION = YES;
				GCC_WARN_UNUSED_VARIABLE = YES;
				SDKROOT = iphoneos;
				SKIP_INSTALL = NO;
			};
			name = Release;
		};
/* End XCBuildConfiguration section */

/* Begin XCConfigurationList section */
		1D6058960D05DD3E006BFB54 /* Build configuration list for PBXNativeTarget "AppriSiren" */ = {
			isa = XCConfigurationList;
			buildConfigurations = (
				1D6058940D05DD3E006BFB54 /* Debug */,
				1D6058950D05DD3E006BFB54 /* Release */,
			);
			defaultConfigurationIsVisible = 0;
			defaultConfigurationName = Release;
		};
		C01FCF4E08A954540054247B /* Build configuration list for PBXProject "__NON-CLI__" */ = {
			isa = XCConfigurationList;
			buildConfigurations = (
				C01FCF4F08A954540054247B /* Debug */,
				C01FCF5008A954540054247B /* Release */,
			);
			defaultConfigurationIsVisible = 0;
			defaultConfigurationName = Release;
		};
/* End XCConfigurationList section */
	};
	rootObject = 29B97313FDCFA39411CA2CEA /* Project object */;
}
